// !$*UTF8*$!
{
	archiveVersion = 1;
	classes = {
	};
	objectVersion = 56;
	objects = {

/* Begin PBXBuildFile section */
		7A57412D2A33630600CA3B50 /* AddSheet.swift in Sources */ = {isa = PBXBuildFile; fileRef = 7A57412C2A33630600CA3B50 /* AddSheet.swift */; };
		7A99CFAE2A2543F6007028A6 /* Time_BreakdownApp.swift in Sources */ = {isa = PBXBuildFile; fileRef = 7A99CFAD2A2543F6007028A6 /* Time_BreakdownApp.swift */; };
		7A99CFB02A2543F6007028A6 /* HomeScreen.swift in Sources */ = {isa = PBXBuildFile; fileRef = 7A99CFAF2A2543F6007028A6 /* HomeScreen.swift */; };
		7A99CFB22A2543F8007028A6 /* Assets.xcassets in Resources */ = {isa = PBXBuildFile; fileRef = 7A99CFB12A2543F8007028A6 /* Assets.xcassets */; };
		7A99CFB52A2543F8007028A6 /* Preview Assets.xcassets in Resources */ = {isa = PBXBuildFile; fileRef = 7A99CFB42A2543F8007028A6 /* Preview Assets.xcassets */; };
		7A99CFBC2A25458B007028A6 /* Objectives.swift in Sources */ = {isa = PBXBuildFile; fileRef = 7A99CFBB2A25458B007028A6 /* Objectives.swift */; };
		7A99CFC02A25465D007028A6 /* ListRowView.swift in Sources */ = {isa = PBXBuildFile; fileRef = 7A99CFBF2A25465D007028A6 /* ListRowView.swift */; };
		7A99CFC22A254825007028A6 /* ObjectiveData.swift in Sources */ = {isa = PBXBuildFile; fileRef = 7A99CFC12A254825007028A6 /* ObjectiveData.swift */; };
		7A9FC6CA2A30EEBF00EEE69D /* ListViewModel.swift in Sources */ = {isa = PBXBuildFile; fileRef = 7A9FC6C92A30EEBF00EEE69D /* ListViewModel.swift */; };
/* End PBXBuildFile section */

/* Begin PBXFileReference section */
		7A57412C2A33630600CA3B50 /* AddSheet.swift */ = {isa = PBXFileReference; lastKnownFileType = sourcecode.swift; path = AddSheet.swift; sourceTree = "<group>"; };
		7A99CFAA2A2543F6007028A6 /* Time Breakdown.app */ = {isa = PBXFileReference; explicitFileType = wrapper.application; includeInIndex = 0; path = "Time Breakdown.app"; sourceTree = BUILT_PRODUCTS_DIR; };
		7A99CFAD2A2543F6007028A6 /* Time_BreakdownApp.swift */ = {isa = PBXFileReference; lastKnownFileType = sourcecode.swift; path = Time_BreakdownApp.swift; sourceTree = "<group>"; };
		7A99CFAF2A2543F6007028A6 /* HomeScreen.swift */ = {isa = PBXFileReference; lastKnownFileType = sourcecode.swift; path = HomeScreen.swift; sourceTree = "<group>"; };
		7A99CFB12A2543F8007028A6 /* Assets.xcassets */ = {isa = PBXFileReference; lastKnownFileType = folder.assetcatalog; path = Assets.xcassets; sourceTree = "<group>"; };
		7A99CFB42A2543F8007028A6 /* Preview Assets.xcassets */ = {isa = PBXFileReference; lastKnownFileType = folder.assetcatalog; path = "Preview Assets.xcassets"; sourceTree = "<group>"; };
		7A99CFBB2A25458B007028A6 /* Objectives.swift */ = {isa = PBXFileReference; lastKnownFileType = sourcecode.swift; path = Objectives.swift; sourceTree = "<group>"; };
		7A99CFBF2A25465D007028A6 /* ListRowView.swift */ = {isa = PBXFileReference; lastKnownFileType = sourcecode.swift; path = ListRowView.swift; sourceTree = "<group>"; };
		7A99CFC12A254825007028A6 /* ObjectiveData.swift */ = {isa = PBXFileReference; lastKnownFileType = sourcecode.swift; path = ObjectiveData.swift; sourceTree = "<group>"; };
		7A9FC6C92A30EEBF00EEE69D /* ListViewModel.swift */ = {isa = PBXFileReference; lastKnownFileType = sourcecode.swift; path = ListViewModel.swift; sourceTree = "<group>"; };
/* End PBXFileReference section */

/* Begin PBXFrameworksBuildPhase section */
		7A99CFA72A2543F6007028A6 /* Frameworks */ = {
			isa = PBXFrameworksBuildPhase;
			buildActionMask = 2147483647;
			files = (
			);
			runOnlyForDeploymentPostprocessing = 0;
		};
/* End PBXFrameworksBuildPhase section */

/* Begin PBXGroup section */
		7A99CFA12A2543F6007028A6 = {
			isa = PBXGroup;
			children = (
				7A99CFAC2A2543F6007028A6 /* Time Breakdown */,
				7A99CFAB2A2543F6007028A6 /* Products */,
			);
			sourceTree = "<group>";
		};
		7A99CFAB2A2543F6007028A6 /* Products */ = {
			isa = PBXGroup;
			children = (
				7A99CFAA2A2543F6007028A6 /* Time Breakdown.app */,
			);
			name = Products;
			sourceTree = "<group>";
		};
		7A99CFAC2A2543F6007028A6 /* Time Breakdown */ = {
			isa = PBXGroup;
			children = (
				7A99CFAD2A2543F6007028A6 /* Time_BreakdownApp.swift */,
				7A9FC6C82A30ED3500EEE69D /* ViewModel */,
				7A9FC6C72A30ED2B00EEE69D /* View */,
				7A9FC6C52A30ECFB00EEE69D /* Model */,
				7A99CFC12A254825007028A6 /* ObjectiveData.swift */,
				7A99CFB12A2543F8007028A6 /* Assets.xcassets */,
				7A99CFB32A2543F8007028A6 /* Preview Content */,
			);
			path = "Time Breakdown";
			sourceTree = "<group>";
		};
		7A99CFB32A2543F8007028A6 /* Preview Content */ = {
			isa = PBXGroup;
			children = (
				7A99CFB42A2543F8007028A6 /* Preview Assets.xcassets */,
			);
			path = "Preview Content";
			sourceTree = "<group>";
		};
		7A9FC6C52A30ECFB00EEE69D /* Model */ = {
			isa = PBXGroup;
			children = (
				7A99CFBB2A25458B007028A6 /* Objectives.swift */,
			);
			path = Model;
			sourceTree = "<group>";
		};
		7A9FC6C72A30ED2B00EEE69D /* View */ = {
			isa = PBXGroup;
			children = (
				7A99CFAF2A2543F6007028A6 /* HomeScreen.swift */,
				7A99CFBF2A25465D007028A6 /* ListRowView.swift */,
				7A57412C2A33630600CA3B50 /* AddSheet.swift */,
			);
			path = View;
			sourceTree = "<group>";
		};
		7A9FC6C82A30ED3500EEE69D /* ViewModel */ = {
			isa = PBXGroup;
			children = (
				7A9FC6C92A30EEBF00EEE69D /* ListViewModel.swift */,
			);
			path = ViewModel;
			sourceTree = "<group>";
		};
/* End PBXGroup section */

/* Begin PBXNativeTarget section */
		7A99CFA92A2543F6007028A6 /* Time Breakdown */ = {
			isa = PBXNativeTarget;
			buildConfigurationList = 7A99CFB82A2543F8007028A6 /* Build configuration list for PBXNativeTarget "Time Breakdown" */;
			buildPhases = (
				7A99CFA62A2543F6007028A6 /* Sources */,
				7A99CFA72A2543F6007028A6 /* Frameworks */,
				7A99CFA82A2543F6007028A6 /* Resources */,
			);
			buildRules = (
			);
			dependencies = (
			);
			name = "Time Breakdown";
			productName = "Time Breakdown";
			productReference = 7A99CFAA2A2543F6007028A6 /* Time Breakdown.app */;
			productType = "com.apple.product-type.application";
		};
/* End PBXNativeTarget section */

/* Begin PBXProject section */
		7A99CFA22A2543F6007028A6 /* Project object */ = {
			isa = PBXProject;
			attributes = {
				BuildIndependentTargetsInParallel = 1;
				LastSwiftUpdateCheck = 1430;
				LastUpgradeCheck = 1430;
				TargetAttributes = {
					7A99CFA92A2543F6007028A6 = {
						CreatedOnToolsVersion = 14.3;
					};
				};
			};
			buildConfigurationList = 7A99CFA52A2543F6007028A6 /* Build configuration list for PBXProject "Time Breakdown" */;
			compatibilityVersion = "Xcode 14.0";
			developmentRegion = en;
			hasScannedForEncodings = 0;
			knownRegions = (
				en,
				Base,
			);
			mainGroup = 7A99CFA12A2543F6007028A6;
			productRefGroup = 7A99CFAB2A2543F6007028A6 /* Products */;
			projectDirPath = "";
			projectRoot = "";
			targets = (
				7A99CFA92A2543F6007028A6 /* Time Breakdown */,
			);
		};
/* End PBXProject section */

/* Begin PBXResourcesBuildPhase section */
		7A99CFA82A2543F6007028A6 /* Resources */ = {
			isa = PBXResourcesBuildPhase;
			buildActionMask = 2147483647;
			files = (
				7A99CFB52A2543F8007028A6 /* Preview Assets.xcassets in Resources */,
				7A99CFB22A2543F8007028A6 /* Assets.xcassets in Resources */,
			);
			runOnlyForDeploymentPostprocessing = 0;
		};
/* End PBXResourcesBuildPhase section */

/* Begin PBXSourcesBuildPhase section */
		7A99CFA62A2543F6007028A6 /* Sources */ = {
			isa = PBXSourcesBuildPhase;
			buildActionMask = 2147483647;
			files = (
				7A57412D2A33630600CA3B50 /* AddSheet.swift in Sources */,
				7A99CFB02A2543F6007028A6 /* HomeScreen.swift in Sources */,
				7A99CFC02A25465D007028A6 /* ListRowView.swift in Sources */,
				7A9FC6CA2A30EEBF00EEE69D /* ListViewModel.swift in Sources */,
				7A99CFBC2A25458B007028A6 /* Objectives.swift in Sources */,
				7A99CFC22A254825007028A6 /* ObjectiveData.swift in Sources */,
				7A99CFAE2A2543F6007028A6 /* Time_BreakdownApp.swift in Sources */,
			);
			runOnlyForDeploymentPostprocessing = 0;
		};
/* End PBXSourcesBuildPhase section */

/* Begin XCBuildConfiguration section */
		7A99CFB62A2543F8007028A6 /* Debug */ = {
			isa = XCBuildConfiguration;
			buildSettings = {
				ALWAYS_SEARCH_USER_PATHS = NO;
				CLANG_ANALYZER_NONNULL = YES;
				CLANG_ANALYZER_NUMBER_OBJECT_CONVERSION = YES_AGGRESSIVE;
				CLANG_CXX_LANGUAGE_STANDARD = "gnu++20";
				CLANG_ENABLE_MODULES = YES;
				CLANG_ENABLE_OBJC_ARC = YES;
				CLANG_ENABLE_OBJC_WEAK = YES;
				CLANG_WARN_BLOCK_CAPTURE_AUTORELEASING = YES;
				CLANG_WARN_BOOL_CONVERSION = YES;
				CLANG_WARN_COMMA = YES;
				CLANG_WARN_CONSTANT_CONVERSION = YES;
				CLANG_WARN_DEPRECATED_OBJC_IMPLEMENTATIONS = YES;
				CLANG_WARN_DIRECT_OBJC_ISA_USAGE = YES_ERROR;
				CLANG_WARN_DOCUMENTATION_COMMENTS = YES;
				CLANG_WARN_EMPTY_BODY = YES;
				CLANG_WARN_ENUM_CONVERSION = YES;
				CLANG_WARN_INFINITE_RECURSION = YES;
				CLANG_WARN_INT_CONVERSION = YES;
				CLANG_WARN_NON_LITERAL_NULL_CONVERSION = YES;
				CLANG_WARN_OBJC_IMPLICIT_RETAIN_SELF = YES;
				CLANG_WARN_OBJC_LITERAL_CONVERSION = YES;
				CLANG_WARN_OBJC_ROOT_CLASS = YES_ERROR;
				CLANG_WARN_QUOTED_INCLUDE_IN_FRAMEWORK_HEADER = YES;
				CLANG_WARN_RANGE_LOOP_ANALYSIS = YES;
				CLANG_WARN_STRICT_PROTOTYPES = YES;
				CLANG_WARN_SUSPICIOUS_MOVE = YES;
				CLANG_WARN_UNGUARDED_AVAILABILITY = YES_AGGRESSIVE;
				CLANG_WARN_UNREACHABLE_CODE = YES;
				CLANG_WARN__DUPLICATE_METHOD_MATCH = YES;
				COPY_PHASE_STRIP = NO;
				DEBUG_INFORMATION_FORMAT = dwarf;
				ENABLE_STRICT_OBJC_MSGSEND = YES;
				ENABLE_TESTABILITY = YES;
				GCC_C_LANGUAGE_STANDARD = gnu11;
				GCC_DYNAMIC_NO_PIC = NO;
				GCC_NO_COMMON_BLOCKS = YES;
				GCC_OPTIMIZATION_LEVEL = 0;
				GCC_PREPROCESSOR_DEFINITIONS = (
					"DEBUG=1",
					"$(inherited)",
				);
				GCC_WARN_64_TO_32_BIT_CONVERSION = YES;
				GCC_WARN_ABOUT_RETURN_TYPE = YES_ERROR;
				GCC_WARN_UNDECLARED_SELECTOR = YES;
				GCC_WARN_UNINITIALIZED_AUTOS = YES_AGGRESSIVE;
				GCC_WARN_UNUSED_FUNCTION = YES;
				GCC_WARN_UNUSED_VARIABLE = YES;
				IPHONEOS_DEPLOYMENT_TARGET = 16.4;
				MTL_ENABLE_DEBUG_INFO = INCLUDE_SOURCE;
				MTL_FAST_MATH = YES;
				ONLY_ACTIVE_ARCH = YES;
				SDKROOT = iphoneos;
				SWIFT_ACTIVE_COMPILATION_CONDITIONS = DEBUG;
				SWIFT_OPTIMIZATION_LEVEL = "-Onone";
			};
			name = Debug;
		};
		7A99CFB72A2543F8007028A6 /* Release */ = {
			isa = XCBuildConfiguration;
			buildSettings = {
				ALWAYS_SEARCH_USER_PATHS = NO;
				CLANG_ANALYZER_NONNULL = YES;
				CLANG_ANALYZER_NUMBER_OBJECT_CONVERSION = YES_AGGRESSIVE;
				CLANG_CXX_LANGUAGE_STANDARD = "gnu++20";
				CLANG_ENABLE_MODULES = YES;
				CLANG_ENABLE_OBJC_ARC = YES;
				CLANG_ENABLE_OBJC_WEAK = YES;
				CLANG_WARN_BLOCK_CAPTURE_AUTORELEASING = YES;
				CLANG_WARN_BOOL_CONVERSION = YES;
				CLANG_WARN_COMMA = YES;
				CLANG_WARN_CONSTANT_CONVERSION = YES;
				CLANG_WARN_DEPRECATED_OBJC_IMPLEMENTATIONS = YES;
				CLANG_WARN_DIRECT_OBJC_ISA_USAGE = YES_ERROR;
				CLANG_WARN_DOCUMENTATION_COMMENTS = YES;
				CLANG_WARN_EMPTY_BODY = YES;
				CLANG_WARN_ENUM_CONVERSION = YES;
				CLANG_WARN_INFINITE_RECURSION = YES;
				CLANG_WARN_INT_CONVERSION = YES;
				CLANG_WARN_NON_LITERAL_NULL_CONVERSION = YES;
				CLANG_WARN_OBJC_IMPLICIT_RETAIN_SELF = YES;
				CLANG_WARN_OBJC_LITERAL_CONVERSION = YES;
				CLANG_WARN_OBJC_ROOT_CLASS = YES_ERROR;
				CLANG_WARN_QUOTED_INCLUDE_IN_FRAMEWORK_HEADER = YES;
				CLANG_WARN_RANGE_LOOP_ANALYSIS = YES;
				CLANG_WARN_STRICT_PROTOTYPES = YES;
				CLANG_WARN_SUSPICIOUS_MOVE = YES;
				CLANG_WARN_UNGUARDED_AVAILABILITY = YES_AGGRESSIVE;
				CLANG_WARN_UNREACHABLE_CODE = YES;
				CLANG_WARN__DUPLICATE_METHOD_MATCH = YES;
				COPY_PHASE_STRIP = NO;
				DEBUG_INFORMATION_FORMAT = "dwarf-with-dsym";
				ENABLE_NS_ASSERTIONS = NO;
				ENABLE_STRICT_OBJC_MSGSEND = YES;
				GCC_C_LANGUAGE_STANDARD = gnu11;
				GCC_NO_COMMON_BLOCKS = YES;
				GCC_WARN_64_TO_32_BIT_CONVERSION = YES;
				GCC_WARN_ABOUT_RETURN_TYPE = YES_ERROR;
				GCC_WARN_UNDECLARED_SELECTOR = YES;
				GCC_WARN_UNINITIALIZED_AUTOS = YES_AGGRESSIVE;
				GCC_WARN_UNUSED_FUNCTION = YES;
				GCC_WARN_UNUSED_VARIABLE = YES;
				IPHONEOS_DEPLOYMENT_TARGET = 16.4;
				MTL_ENABLE_DEBUG_INFO = NO;
				MTL_FAST_MATH = YES;
				SDKROOT = iphoneos;
				SWIFT_COMPILATION_MODE = wholemodule;
				SWIFT_OPTIMIZATION_LEVEL = "-O";
				VALIDATE_PRODUCT = YES;
			};
			name = Release;
		};
		7A99CFB92A2543F8007028A6 /* Debug */ = {
			isa = XCBuildConfiguration;
			buildSettings = {
				ASSETCATALOG_COMPILER_APPICON_NAME = AppIcon;
				ASSETCATALOG_COMPILER_GLOBAL_ACCENT_COLOR_NAME = AccentColor;
				CODE_SIGN_STYLE = Automatic;
				CURRENT_PROJECT_VERSION = 1;
				DEVELOPMENT_ASSET_PATHS = "\"Time Breakdown/Preview Content\"";
				ENABLE_PREVIEWS = YES;
				GENERATE_INFOPLIST_FILE = YES;
				INFOPLIST_KEY_UIApplicationSceneManifest_Generation = YES;
				INFOPLIST_KEY_UIApplicationSupportsIndirectInputEvents = YES;
				INFOPLIST_KEY_UILaunchScreen_Generation = YES;
				INFOPLIST_KEY_UISupportedInterfaceOrientations_iPad = "UIInterfaceOrientationPortrait UIInterfaceOrientationPortraitUpsideDown UIInterfaceOrientationLandscapeLeft UIInterfaceOrientationLandscapeRight";
				INFOPLIST_KEY_UISupportedInterfaceOrientations_iPhone = "UIInterfaceOrientationPortrait UIInterfaceOrientationLandscapeLeft UIInterfaceOrientationLandscapeRight";
				LD_RUNPATH_SEARCH_PATHS = (
					"$(inherited)",
					"@executable_path/Frameworks",
				);
				MARKETING_VERSION = 1.0;
				PRODUCT_BUNDLE_IDENTIFIER = "com.visheshparwani.Time-Breakdown";
				PRODUCT_NAME = "$(TARGET_NAME)";
				SWIFT_EMIT_LOC_STRINGS = YES;
				SWIFT_VERSION = 5.0;
				TARGETED_DEVICE_FAMILY = "1,2";
			};
			name = Debug;
		};
		7A99CFBA2A2543F8007028A6 /* Release */ = {
			isa = XCBuildConfiguration;
			buildSettings = {
				ASSETCATALOG_COMPILER_APPICON_NAME = AppIcon;
				ASSETCATALOG_COMPILER_GLOBAL_ACCENT_COLOR_NAME = AccentColor;
				CODE_SIGN_STYLE = Automatic;
				CURRENT_PROJECT_VERSION = 1;
				DEVELOPMENT_ASSET_PATHS = "\"Time Breakdown/Preview Content\"";
				ENABLE_PREVIEWS = YES;
				GENERATE_INFOPLIST_FILE = YES;
				INFOPLIST_KEY_UIApplicationSceneManifest_Generation = YES;
				INFOPLIST_KEY_UIApplicationSupportsIndirectInputEvents = YES;
				INFOPLIST_KEY_UILaunchScreen_Generation = YES;
				INFOPLIST_KEY_UISupportedInterfaceOrientations_iPad = "UIInterfaceOrientationPortrait UIInterfaceOrientationPortraitUpsideDown UIInterfaceOrientationLandscapeLeft UIInterfaceOrientationLandscapeRight";
				INFOPLIST_KEY_UISupportedInterfaceOrientations_iPhone = "UIInterfaceOrientationPortrait UIInterfaceOrientationLandscapeLeft UIInterfaceOrientationLandscapeRight";
				LD_RUNPATH_SEARCH_PATHS = (
					"$(inherited)",
					"@executable_path/Frameworks",
				);
				MARKETING_VERSION = 1.0;
				PRODUCT_BUNDLE_IDENTIFIER = "com.visheshparwani.Time-Breakdown";
				PRODUCT_NAME = "$(TARGET_NAME)";
				SWIFT_EMIT_LOC_STRINGS = YES;
				SWIFT_VERSION = 5.0;
				TARGETED_DEVICE_FAMILY = "1,2";
			};
			name = Release;
		};
/* End XCBuildConfiguration section */

/* Begin XCConfigurationList section */
		7A99CFA52A2543F6007028A6 /* Build configuration list for PBXProject "Time Breakdown" */ = {
			isa = XCConfigurationList;
			buildConfigurations = (
				7A99CFB62A2543F8007028A6 /* Debug */,
				7A99CFB72A2543F8007028A6 /* Release */,
			);
			defaultConfigurationIsVisible = 0;
			defaultConfigurationName = Release;
		};
		7A99CFB82A2543F8007028A6 /* Build configuration list for PBXNativeTarget "Time Breakdown" */ = {
			isa = XCConfigurationList;
			buildConfigurations = (
				7A99CFB92A2543F8007028A6 /* Debug */,
				7A99CFBA2A2543F8007028A6 /* Release */,
			);
			defaultConfigurationIsVisible = 0;
			defaultConfigurationName = Release;
		};
/* End XCConfigurationList section */
	};
	rootObject = 7A99CFA22A2543F6007028A6 /* Project object */;
}
